<?xml version="1.0" encoding="utf-8"?>
<Project ToolsVersion="4.0" xmlns="http://schemas.microsoft.com/developer/msbuild/2003">
  <ItemGroup>
    <Filter Include="소스 파일">
      <UniqueIdentifier>{4FC737F1-C7A5-4376-A066-2A32D752A2FF}</UniqueIdentifier>
      <Extensions>cpp;c;cc;cxx;c++;cppm;ixx;def;odl;idl;hpj;bat;asm;asmx</Extensions>
    </Filter>
    <Filter Include="헤더 파일">
      <UniqueIdentifier>{93995380-89BD-4b04-88EB-625FBE52EBFB}</UniqueIdentifier>
      <Extensions>h;hh;hpp;hxx;h++;hm;inl;inc;ipp;xsd</Extensions>
    </Filter>
    <Filter Include="리소스 파일">
      <UniqueIdentifier>{67DA6AB6-F800-4c08-8B7A-83BB121AAD01}</UniqueIdentifier>
      <Extensions>rc;ico;cur;bmp;dlg;rc2;rct;bin;rgs;gif;jpg;jpeg;jpe;resx;tiff;tif;png;wav;mfcribbon-ms</Extensions>
    </Filter>
  </ItemGroup>
  <ItemGroup>
    <ClCompile Include="Color_Point_InheritanceIntro.cpp">
      <Filter>소스 파일</Filter>
    </ClCompile>
    <ClCompile Include="protected_ColorPoint.cpp">
      <Filter>소스 파일</Filter>
    </ClCompile>
    <ClCompile Include="상속관계에서생성자_소멸자.cpp">
      <Filter>소스 파일</Filter>
    </ClCompile>
    <ClCompile Include="5_Person_생성자_소멸자.cpp">
      <Filter>소스 파일</Filter>
    </ClCompile>
    <ClCompile Include="객체_UpCasting.cpp">
      <Filter>소스 파일</Filter>
    </ClCompile>
    <ClCompile Include="8_객체포인터_Reference1.cpp">
      <Filter>소스 파일</Filter>
    </ClCompile>
    <ClCompile Include="9_클래스상속_접근지정자.cpp">
      <Filter>소스 파일</Filter>
    </ClCompile>
    <ClCompile Include="Overridng_Intro.cpp">
      <Filter>소스 파일</Filter>
    </ClCompile>
    <ClCompile Include="11_Person_오버라이딩.cpp">
      <Filter>소스 파일</Filter>
    </ClCompile>
    <ClCompile Include="Overriding_Virtual_Intro.cpp">
      <Filter>소스 파일</Filter>
    </ClCompile>
    <ClCompile Include="Calc_Class.cpp">
      <Filter>소스 파일</Filter>
    </ClCompile>
    <ClCompile Include="순수가상함수_Overriding.cpp">
      <Filter>소스 파일</Filter>
    </ClCompile>
    <ClCompile Include="15_ShapeOverriding_문제.cpp">
      <Filter>소스 파일</Filter>
    </ClCompile>
    <ClCompile Include="17_EmployeeCalc.cpp">
      <Filter>소스 파일</Filter>
    </ClCompile>
    <ClCompile Include="상속예시_소멸자.cpp">
      <Filter>소스 파일</Filter>
    </ClCompile>
    <ClCompile Include="다중상속_Intro.cpp">
      <Filter>소스 파일</Filter>
    </ClCompile>
    <ClCompile Include="다중상속모호성_Virtual.cpp">
      <Filter>소스 파일</Filter>
    </ClCompile>
    <ClCompile Include="FileIO_Employess.cpp">
      <Filter>소스 파일</Filter>
    </ClCompile>
  </ItemGroup>
</Project>